github.com/BurntSushi/toml v1.2.1 h1:9F2/+DoOYIOksmaJFPw1tGFy1eDnIJXg+UHjuD8lTak=
github.com/BurntSushi/toml v1.2.1/go.mod h1:CxXYINrC8qIiEnFrOxCa7Jy5BFHlXnUU2pbicEuybxQ=
github.com/caltechlibrary/cli v0.0.16/go.mod h1:BVT+6d/QqcN4UApWR3ufjkkKj2O6+48B4G6iUpP8m38=
github.com/caltechlibrary/cli v0.0.18 h1:Z1NjhJ2ar2lWCFlA00wVDa5j0qnsL2XeI/qtgX2wOXU=
github.com/caltechlibrary/cli v0.0.18/go.mod h1:9crFPycCNeyTWautZ0t/YjaW8Clsr9uQZfq/SNNwhak=
github.com/caltechlibrary/rss2 v0.0.6 h1:byjRrYUkcCJRxAlo2Qv6+KjTutkeGoQPT5Zf/WWXTuE=
github.com/caltechlibrary/rss2 v0.0.6/go.mod h1:WWvU7vz5KsaaCHlMskkebGnyZY7OcDWL05ySSxJV8ok=
github.com/caltechlibrary/wsfn v0.0.9 h1:WwxQg50Hksui0rX9G3GtuUUR8vhoxGHda5F3BpjMzno=
github.com/caltechlibrary/wsfn v0.0.9/go.mod h1:kfLS4T6Ul4JpxxDYGSw0zyGT55veM54JfTihs4EIt8A=
github.com/rsdoiel/fountain v0.0.6 h1:zcqNI4bH6MLB1FKaHYdLjetawUqXP4PJLgNIVzjFx6o=
github.com/rsdoiel/fountain v0.0.6/go.mod h1:gSQk57Zm16sVyy42VzHYBWeeHqsuFny3n7ewuJssq+w=
golang.org/x/crypto v0.6.0 h1:qfktjS5LUO+fFKeJXZ+ikTRijMmljikvG68fpMMruSc=
golang.org/x/crypto v0.6.0/go.mod h1:OFC/31mSvZgRz0V1QTNCzfAI1aIRzbiufJtkMIlEp58=
golang.org/x/sys v0.5.0 h1:MUK/U/4lj1t1oPg0HfuXDN/Z1wv31ZJ/YcPiGccS4DU=
golang.org/x/sys v0.5.0/go.mod h1:oPkhp1MJrh7nUepCBck5+mAzfO9JrbApNNgaTdGDITg=
gopkg.in/check.v1 v0.0.0-20161208181325-20d25e280405 h1:yhCVgyC4o1eVCa2tZl7eS0r+SDo693bJlVdllGtEeKM=
gopkg.in/check.v1 v0.0.0-20161208181325-20d25e280405/go.mod h1:Co6ibVJAznAaIkqp8huTwlJQCZ016jof/cbN4VW5Yz0=
gopkg.in/yaml.v3 v3.0.1 h1:fxVm/GzAzEWqLHuvctI91KS9hhNmmWOoWu0XTYJS7CA=
gopkg.in/yaml.v3 v3.0.1/go.mod h1:K4uyk7z7BCEPqu6E+C64Yfv1cQ7kz7rIZviUmN+EgEM=
