github.com/BurntSushi/toml v0.3.1 h1:WXkYYl6Yr3qBf1K79EBnL4mak0OimBfB0XUf9Vl28OQ=
github.com/BurntSushi/toml v0.3.1/go.mod h1:xHWCNGjB5oqiDr8zfno3MHue2Ht5sIBksp03qcyfWMU=
github.com/caltechlibrary/cli v0.0.16/go.mod h1:BVT+6d/QqcN4UApWR3ufjkkKj2O6+48B4G6iUpP8m38=
github.com/caltechlibrary/cli v0.0.18 h1:Z1NjhJ2ar2lWCFlA00wVDa5j0qnsL2XeI/qtgX2wOXU=
github.com/caltechlibrary/cli v0.0.18/go.mod h1:9crFPycCNeyTWautZ0t/YjaW8Clsr9uQZfq/SNNwhak=
github.com/caltechlibrary/rss2 v0.0.6 h1:byjRrYUkcCJRxAlo2Qv6+KjTutkeGoQPT5Zf/WWXTuE=
github.com/caltechlibrary/rss2 v0.0.6/go.mod h1:WWvU7vz5KsaaCHlMskkebGnyZY7OcDWL05ySSxJV8ok=
github.com/caltechlibrary/wsfn v0.0.8 h1:PVf3npGOnts9q33grCmM22Pe0Hfvyo2t0aD1myNgWPE=
github.com/caltechlibrary/wsfn v0.0.8/go.mod h1:FAesJVrxkz2ms6sjqaMATj/ykxzoCnBEUpD4PSi+/P4=
github.com/rsdoiel/fountain v0.0.3 h1:FvpOfS5z1C7mTkuvEm5AvBDh0+CpgiiD1OhcsHmZ1Qk=
github.com/rsdoiel/fountain v0.0.3/go.mod h1:gSQk57Zm16sVyy42VzHYBWeeHqsuFny3n7ewuJssq+w=
golang.org/x/crypto v0.0.0-20190308221718-c2843e01d9a2/go.mod h1:djNgcEr1/C05ACkg1iLfiJU5Ep61QUkGW8qpdssI0+w=
golang.org/x/crypto v0.0.0-20201221181555-eec23a3978ad h1:DN0cp81fZ3njFcrLCytUHRSUkqBjfTo4Tx9RJTWs0EY=
golang.org/x/crypto v0.0.0-20201221181555-eec23a3978ad/go.mod h1:jdWPYTVW3xRLrWPugEBEK3UY2ZEsg3UU495nc5E+M+I=
golang.org/x/net v0.0.0-20190404232315-eb5bcb51f2a3/go.mod h1:t9HGtf8HONx5eT2rtn7q6eTqICYqUVnKs3thJo3Qplg=
golang.org/x/sys v0.0.0-20190215142949-d0b11bdaac8a/go.mod h1:STP8DvDyc/dI5b8T5hshtkjS+E42TnysNCUPdjciGhY=
golang.org/x/sys v0.0.0-20191026070338-33540a1f6037 h1:YyJpGZS1sBuBCzLAR1VEpK193GlqGZbnPFnPV/5Rsb4=
golang.org/x/sys v0.0.0-20191026070338-33540a1f6037/go.mod h1:h1NjWce9XRLGQEsW7wpKNCjG9DtNlClVuFLEZdDNbEs=
golang.org/x/term v0.0.0-20201117132131-f5c789dd3221/go.mod h1:Nr5EML6q2oocZ2LXRh80K7BxOlk5/8JxuGnuhpl+muw=
golang.org/x/text v0.3.0/go.mod h1:NqM8EUOU14njkJ3fqMW+pc6Ldnwhi/IjpwHt7yyuwOQ=
gopkg.in/check.v1 v0.0.0-20161208181325-20d25e280405 h1:yhCVgyC4o1eVCa2tZl7eS0r+SDo693bJlVdllGtEeKM=
gopkg.in/check.v1 v0.0.0-20161208181325-20d25e280405/go.mod h1:Co6ibVJAznAaIkqp8huTwlJQCZ016jof/cbN4VW5Yz0=
gopkg.in/yaml.v3 v3.0.1 h1:fxVm/GzAzEWqLHuvctI91KS9hhNmmWOoWu0XTYJS7CA=
gopkg.in/yaml.v3 v3.0.1/go.mod h1:K4uyk7z7BCEPqu6E+C64Yfv1cQ7kz7rIZviUmN+EgEM=
